
Microsoft Visual Studio Solution File, Format Version 12.00
# Visual Studio Version 17
VisualStudioVersion = 17.0.32126.317
MinimumVisualStudioVersion = 10.0.40219.1
Project("{FAE04EC0-301F-11D3-BF4B-00C04F79EFBC}") = "Sha256", "Sha256.csproj", "{B3FA381C-507E-4F94-84C4-7CA62C2FDE8E}"
EndProject
Global
	GlobalSection(SolutionConfigurationPlatforms) = preSolution
		Debug|Any CPU = Debug|Any CPU
		Release|Any CPU = Release|Any CPU
	EndGlobalSection
	GlobalSection(ProjectConfigurationPlatforms) = postSolution
		{B3FA381C-507E-4F94-84C4-7CA62C2FDE8E}.Debug|Any CPU.ActiveCfg = Debug|Any CPU
		{B3FA381C-507E-4F94-84C4-7CA62C2FDE8E}.Debug|Any CPU.Build.0 = Debug|Any CPU
		{B3FA381C-507E-4F94-84C4-7CA62C2FDE8E}.Release|Any CPU.ActiveCfg = Release|Any CPU
		{B3FA381C-507E-4F94-84C4-7CA62C2FDE8E}.Release|Any CPU.Build.0 = Release|Any CPU
	EndGlobalSection
	GlobalSection(SolutionProperties) = preSolution
		HideSolutionNode = FALSE
	EndGlobalSection
	GlobalSection(ExtensibilityGlobals) = postSolution
		SolutionGuid = {FF7FC6CE-AD49-4876-A110-F4D83AAAF476}
	EndGlobalSection
EndGlobal
